
Microsoft Visual Studio Solution File, Format Version 12.00
# Visual Studio Version 17
VisualStudioVersion = 17.3.32825.248
MinimumVisualStudioVersion = 10.0.40219.1
Project("{FAE04EC0-301F-11D3-BF4B-00C04F79EFBC}") = "01.Vehicles", "01.Vehicles\01.Vehicles.csproj", "{0F6B554E-96EA-420C-BFBE-030B7A980401}"
EndProject
Project("{FAE04EC0-301F-11D3-BF4B-00C04F79EFBC}") = "03.Raiding", "03.Raiding\03.Raiding.csproj", "{BC960AE7-DDBF-44EA-AF11-C4393824A2D9}"
EndProject
Global
	GlobalSection(SolutionConfigurationPlatforms) = preSolution
		Debug|Any CPU = Debug|Any CPU
		Release|Any CPU = Release|Any CPU
	EndGlobalSection
	GlobalSection(ProjectConfigurationPlatforms) = postSolution
		{0F6B554E-96EA-420C-BFBE-030B7A980401}.Debug|Any CPU.ActiveCfg = Debug|Any CPU
		{0F6B554E-96EA-420C-BFBE-030B7A980401}.Debug|Any CPU.Build.0 = Debug|Any CPU
		{0F6B554E-96EA-420C-BFBE-030B7A980401}.Release|Any CPU.ActiveCfg = Release|Any CPU
		{0F6B554E-96EA-420C-BFBE-030B7A980401}.Release|Any CPU.Build.0 = Release|Any CPU
		{BC960AE7-DDBF-44EA-AF11-C4393824A2D9}.Debug|Any CPU.ActiveCfg = Debug|Any CPU
		{BC960AE7-DDBF-44EA-AF11-C4393824A2D9}.Debug|Any CPU.Build.0 = Debug|Any CPU
		{BC960AE7-DDBF-44EA-AF11-C4393824A2D9}.Release|Any CPU.ActiveCfg = Release|Any CPU
		{BC960AE7-DDBF-44EA-AF11-C4393824A2D9}.Release|Any CPU.Build.0 = Release|Any CPU
	EndGlobalSection
	GlobalSection(SolutionProperties) = preSolution
		HideSolutionNode = FALSE
	EndGlobalSection
	GlobalSection(ExtensibilityGlobals) = postSolution
		SolutionGuid = {68CA1894-457A-4D2E-9383-EE773940EFAA}
	EndGlobalSection
EndGlobal
